
Microsoft Visual Studio Solution File, Format Version 12.00
# Visual Studio Version 16
VisualStudioVersion = 16.0.30128.74
MinimumVisualStudioVersion = 10.0.40219.1
Project("{8BC9CEB8-8B4A-11D0-8D11-00A0C91BC942}") = "libssh2", "libssh2.vcxproj", "{1E8B62BC-710E-4F9A-BEDA-72432D79C323}"
EndProject
Project("{8BC9CEB8-8B4A-11D0-8D11-00A0C91BC942}") = "tests", "tests.vcxproj", "{F5CD5EFD-26C5-459C-9F0C-E03DD6B7FD95}"
EndProject
Global
	GlobalSection(SolutionConfigurationPlatforms) = preSolution
		Debug|x64 = Debug|x64
		Debug|x86 = Debug|x86
		OpenSSL DLL Debug|x64 = OpenSSL DLL Debug|x64
		OpenSSL DLL Debug|x86 = OpenSSL DLL Debug|x86
		OpenSSL DLL Release|x64 = OpenSSL DLL Release|x64
		OpenSSL DLL Release|x86 = OpenSSL DLL Release|x86
		OpenSSL LIB Debug|x64 = OpenSSL LIB Debug|x64
		OpenSSL LIB Debug|x86 = OpenSSL LIB Debug|x86
		OpenSSL LIB Release|x64 = OpenSSL LIB Release|x64
		OpenSSL LIB Release|x86 = OpenSSL LIB Release|x86
		Release|x64 = Release|x64
		Release|x86 = Release|x86
		Template|x64 = Template|x64
		Template|x86 = Template|x86
		WinCNG DLL Debug|x64 = WinCNG DLL Debug|x64
		WinCNG DLL Debug|x86 = WinCNG DLL Debug|x86
		WinCNG DLL Release|x64 = WinCNG DLL Release|x64
		WinCNG DLL Release|x86 = WinCNG DLL Release|x86
		WinCNG LIB Debug|x64 = WinCNG LIB Debug|x64
		WinCNG LIB Debug|x86 = WinCNG LIB Debug|x86
		WinCNG LIB Release|x64 = WinCNG LIB Release|x64
		WinCNG LIB Release|x86 = WinCNG LIB Release|x86
	EndGlobalSection
	GlobalSection(ProjectConfigurationPlatforms) = postSolution
		{1E8B62BC-710E-4F9A-BEDA-72432D79C323}.Debug|x64.ActiveCfg = OpenSSL DLL Release|x64
		{1E8B62BC-710E-4F9A-BEDA-72432D79C323}.Debug|x64.Build.0 = OpenSSL DLL Release|x64
		{1E8B62BC-710E-4F9A-BEDA-72432D79C323}.Debug|x86.ActiveCfg = OpenSSL DLL Debug|Win32
		{1E8B62BC-710E-4F9A-BEDA-72432D79C323}.Debug|x86.Build.0 = OpenSSL DLL Debug|Win32
		{1E8B62BC-710E-4F9A-BEDA-72432D79C323}.OpenSSL DLL Debug|x64.ActiveCfg = OpenSSL DLL Debug|x64
		{1E8B62BC-710E-4F9A-BEDA-72432D79C323}.OpenSSL DLL Debug|x64.Build.0 = OpenSSL DLL Debug|x64
		{1E8B62BC-710E-4F9A-BEDA-72432D79C323}.OpenSSL DLL Debug|x86.ActiveCfg = OpenSSL DLL Debug|Win32
		{1E8B62BC-710E-4F9A-BEDA-72432D79C323}.OpenSSL DLL Debug|x86.Build.0 = OpenSSL DLL Debug|Win32
		{1E8B62BC-710E-4F9A-BEDA-72432D79C323}.OpenSSL DLL Release|x64.ActiveCfg = OpenSSL LIB Release|x64
		{1E8B62BC-710E-4F9A-BEDA-72432D79C323}.OpenSSL DLL Release|x64.Build.0 = OpenSSL LIB Release|x64
		{1E8B62BC-710E-4F9A-BEDA-72432D79C323}.OpenSSL DLL Release|x86.ActiveCfg = OpenSSL DLL Release|Win32
		{1E8B62BC-710E-4F9A-BEDA-72432D79C323}.OpenSSL DLL Release|x86.Build.0 = OpenSSL DLL Release|Win32
		{1E8B62BC-710E-4F9A-BEDA-72432D79C323}.OpenSSL LIB Debug|x64.ActiveCfg = OpenSSL LIB Debug|x64
		{1E8B62BC-710E-4F9A-BEDA-72432D79C323}.OpenSSL LIB Debug|x64.Build.0 = OpenSSL LIB Debug|x64
		{1E8B62BC-710E-4F9A-BEDA-72432D79C323}.OpenSSL LIB Debug|x86.ActiveCfg = OpenSSL LIB Debug|Win32
		{1E8B62BC-710E-4F9A-BEDA-72432D79C323}.OpenSSL LIB Debug|x86.Build.0 = OpenSSL LIB Debug|Win32
		{1E8B62BC-710E-4F9A-BEDA-72432D79C323}.OpenSSL LIB Release|x64.ActiveCfg = OpenSSL LIB Release|x64
		{1E8B62BC-710E-4F9A-BEDA-72432D79C323}.OpenSSL LIB Release|x64.Build.0 = OpenSSL LIB Release|x64
		{1E8B62BC-710E-4F9A-BEDA-72432D79C323}.OpenSSL LIB Release|x86.ActiveCfg = OpenSSL LIB Release|Win32
		{1E8B62BC-710E-4F9A-BEDA-72432D79C323}.OpenSSL LIB Release|x86.Build.0 = OpenSSL LIB Release|Win32
		{1E8B62BC-710E-4F9A-BEDA-72432D79C323}.Release|x64.ActiveCfg = WinCNG DLL Release|x64
		{1E8B62BC-710E-4F9A-BEDA-72432D79C323}.Release|x64.Build.0 = WinCNG DLL Release|x64
		{1E8B62BC-710E-4F9A-BEDA-72432D79C323}.Release|x86.ActiveCfg = WinCNG DLL Release|Win32
		{1E8B62BC-710E-4F9A-BEDA-72432D79C323}.Release|x86.Build.0 = WinCNG DLL Release|Win32
		{1E8B62BC-710E-4F9A-BEDA-72432D79C323}.Template|x64.ActiveCfg = WinCNG DLL Release|x64
		{1E8B62BC-710E-4F9A-BEDA-72432D79C323}.Template|x64.Build.0 = WinCNG DLL Release|x64
		{1E8B62BC-710E-4F9A-BEDA-72432D79C323}.Template|x86.ActiveCfg = WinCNG DLL Release|Win32
		{1E8B62BC-710E-4F9A-BEDA-72432D79C323}.Template|x86.Build.0 = WinCNG DLL Release|Win32
		{1E8B62BC-710E-4F9A-BEDA-72432D79C323}.WinCNG DLL Debug|x64.ActiveCfg = WinCNG DLL Debug|x64
		{1E8B62BC-710E-4F9A-BEDA-72432D79C323}.WinCNG DLL Debug|x64.Build.0 = WinCNG DLL Debug|x64
		{1E8B62BC-710E-4F9A-BEDA-72432D79C323}.WinCNG DLL Debug|x86.ActiveCfg = WinCNG DLL Debug|Win32
		{1E8B62BC-710E-4F9A-BEDA-72432D79C323}.WinCNG DLL Debug|x86.Build.0 = WinCNG DLL Debug|Win32
		{1E8B62BC-710E-4F9A-BEDA-72432D79C323}.WinCNG DLL Release|x64.ActiveCfg = WinCNG DLL Release|x64
		{1E8B62BC-710E-4F9A-BEDA-72432D79C323}.WinCNG DLL Release|x64.Build.0 = WinCNG DLL Release|x64
		{1E8B62BC-710E-4F9A-BEDA-72432D79C323}.WinCNG DLL Release|x86.ActiveCfg = WinCNG DLL Release|Win32
		{1E8B62BC-710E-4F9A-BEDA-72432D79C323}.WinCNG DLL Release|x86.Build.0 = WinCNG DLL Release|Win32
		{1E8B62BC-710E-4F9A-BEDA-72432D79C323}.WinCNG LIB Debug|x64.ActiveCfg = WinCNG LIB Debug|x64
		{1E8B62BC-710E-4F9A-BEDA-72432D79C323}.WinCNG LIB Debug|x64.Build.0 = WinCNG LIB Debug|x64
		{1E8B62BC-710E-4F9A-BEDA-72432D79C323}.WinCNG LIB Debug|x86.ActiveCfg = WinCNG LIB Debug|Win32
		{1E8B62BC-710E-4F9A-BEDA-72432D79C323}.WinCNG LIB Debug|x86.Build.0 = WinCNG LIB Debug|Win32
		{1E8B62BC-710E-4F9A-BEDA-72432D79C323}.WinCNG LIB Release|x64.ActiveCfg = WinCNG LIB Release|x64
		{1E8B62BC-710E-4F9A-BEDA-72432D79C323}.WinCNG LIB Release|x64.Build.0 = WinCNG LIB Release|x64
		{1E8B62BC-710E-4F9A-BEDA-72432D79C323}.WinCNG LIB Release|x86.ActiveCfg = WinCNG LIB Release|Win32
		{1E8B62BC-710E-4F9A-BEDA-72432D79C323}.WinCNG LIB Release|x86.Build.0 = WinCNG LIB Release|Win32
		{F5CD5EFD-26C5-459C-9F0C-E03DD6B7FD95}.Debug|x64.ActiveCfg = Debug|x64
		{F5CD5EFD-26C5-459C-9F0C-E03DD6B7FD95}.Debug|x64.Build.0 = Debug|x64
		{F5CD5EFD-26C5-459C-9F0C-E03DD6B7FD95}.Debug|x86.ActiveCfg = Debug|Win32
		{F5CD5EFD-26C5-459C-9F0C-E03DD6B7FD95}.Debug|x86.Build.0 = Debug|Win32
		{F5CD5EFD-26C5-459C-9F0C-E03DD6B7FD95}.OpenSSL DLL Debug|x64.ActiveCfg = Debug|x64
		{F5CD5EFD-26C5-459C-9F0C-E03DD6B7FD95}.OpenSSL DLL Debug|x64.Build.0 = Debug|x64
		{F5CD5EFD-26C5-459C-9F0C-E03DD6B7FD95}.OpenSSL DLL Debug|x86.ActiveCfg = Debug|Win32
		{F5CD5EFD-26C5-459C-9F0C-E03DD6B7FD95}.OpenSSL DLL Debug|x86.Build.0 = Debug|Win32
		{F5CD5EFD-26C5-459C-9F0C-E03DD6B7FD95}.OpenSSL DLL Release|x64.ActiveCfg = Release|x64
		{F5CD5EFD-26C5-459C-9F0C-E03DD6B7FD95}.OpenSSL DLL Release|x64.Build.0 = Release|x64
		{F5CD5EFD-26C5-459C-9F0C-E03DD6B7FD95}.OpenSSL DLL Release|x86.ActiveCfg = Release|Win32
		{F5CD5EFD-26C5-459C-9F0C-E03DD6B7FD95}.OpenSSL DLL Release|x86.Build.0 = Release|Win32
		{F5CD5EFD-26C5-459C-9F0C-E03DD6B7FD95}.OpenSSL LIB Debug|x64.ActiveCfg = Debug|x64
		{F5CD5EFD-26C5-459C-9F0C-E03DD6B7FD95}.OpenSSL LIB Debug|x64.Build.0 = Debug|x64
		{F5CD5EFD-26C5-459C-9F0C-E03DD6B7FD95}.OpenSSL LIB Debug|x86.ActiveCfg = Debug|Win32
		{F5CD5EFD-26C5-459C-9F0C-E03DD6B7FD95}.OpenSSL LIB Debug|x86.Build.0 = Debug|Win32
		{F5CD5EFD-26C5-459C-9F0C-E03DD6B7FD95}.OpenSSL LIB Release|x64.ActiveCfg = Release|x64
		{F5CD5EFD-26C5-459C-9F0C-E03DD6B7FD95}.OpenSSL LIB Release|x64.Build.0 = Release|x64
		{F5CD5EFD-26C5-459C-9F0C-E03DD6B7FD95}.OpenSSL LIB Release|x86.ActiveCfg = Release|Win32
		{F5CD5EFD-26C5-459C-9F0C-E03DD6B7FD95}.OpenSSL LIB Release|x86.Build.0 = Release|Win32
		{F5CD5EFD-26C5-459C-9F0C-E03DD6B7FD95}.Release|x64.ActiveCfg = Release|x64
		{F5CD5EFD-26C5-459C-9F0C-E03DD6B7FD95}.Release|x64.Build.0 = Release|x64
		{F5CD5EFD-26C5-459C-9F0C-E03DD6B7FD95}.Release|x86.ActiveCfg = Release|Win32
		{F5CD5EFD-26C5-459C-9F0C-E03DD6B7FD95}.Release|x86.Build.0 = Release|Win32
		{F5CD5EFD-26C5-459C-9F0C-E03DD6B7FD95}.Template|x64.ActiveCfg = Template|x64
		{F5CD5EFD-26C5-459C-9F0C-E03DD6B7FD95}.Template|x64.Build.0 = Template|x64
		{F5CD5EFD-26C5-459C-9F0C-E03DD6B7FD95}.Template|x86.ActiveCfg = Template|Win32
		{F5CD5EFD-26C5-459C-9F0C-E03DD6B7FD95}.Template|x86.Build.0 = Template|Win32
		{F5CD5EFD-26C5-459C-9F0C-E03DD6B7FD95}.WinCNG DLL Debug|x64.ActiveCfg = Debug|x64
		{F5CD5EFD-26C5-459C-9F0C-E03DD6B7FD95}.WinCNG DLL Debug|x64.Build.0 = Debug|x64
		{F5CD5EFD-26C5-459C-9F0C-E03DD6B7FD95}.WinCNG DLL Debug|x86.ActiveCfg = Debug|Win32
		{F5CD5EFD-26C5-459C-9F0C-E03DD6B7FD95}.WinCNG DLL Debug|x86.Build.0 = Debug|Win32
		{F5CD5EFD-26C5-459C-9F0C-E03DD6B7FD95}.WinCNG DLL Release|x64.ActiveCfg = Release|x64
		{F5CD5EFD-26C5-459C-9F0C-E03DD6B7FD95}.WinCNG DLL Release|x64.Build.0 = Release|x64
		{F5CD5EFD-26C5-459C-9F0C-E03DD6B7FD95}.WinCNG DLL Release|x86.ActiveCfg = Release|Win32
		{F5CD5EFD-26C5-459C-9F0C-E03DD6B7FD95}.WinCNG DLL Release|x86.Build.0 = Release|Win32
		{F5CD5EFD-26C5-459C-9F0C-E03DD6B7FD95}.WinCNG LIB Debug|x64.ActiveCfg = Debug|x64
		{F5CD5EFD-26C5-459C-9F0C-E03DD6B7FD95}.WinCNG LIB Debug|x64.Build.0 = Debug|x64
		{F5CD5EFD-26C5-459C-9F0C-E03DD6B7FD95}.WinCNG LIB Debug|x86.ActiveCfg = Debug|Win32
		{F5CD5EFD-26C5-459C-9F0C-E03DD6B7FD95}.WinCNG LIB Debug|x86.Build.0 = Debug|Win32
		{F5CD5EFD-26C5-459C-9F0C-E03DD6B7FD95}.WinCNG LIB Release|x64.ActiveCfg = Release|x64
		{F5CD5EFD-26C5-459C-9F0C-E03DD6B7FD95}.WinCNG LIB Release|x64.Build.0 = Release|x64
		{F5CD5EFD-26C5-459C-9F0C-E03DD6B7FD95}.WinCNG LIB Release|x86.ActiveCfg = Release|Win32
		{F5CD5EFD-26C5-459C-9F0C-E03DD6B7FD95}.WinCNG LIB Release|x86.Build.0 = Release|Win32
	EndGlobalSection
	GlobalSection(SolutionProperties) = preSolution
		HideSolutionNode = FALSE
	EndGlobalSection
	GlobalSection(ExtensibilityGlobals) = postSolution
		SolutionGuid = {CB7F4565-DFAE-4699-AC9E-737E4DA02829}
	EndGlobalSection
EndGlobal
